
Microsoft Visual Studio Solution File, Format Version 12.00
# Visual Studio Version 17
VisualStudioVersion = 17.4.33205.214
MinimumVisualStudioVersion = 10.0.40219.1
Project("{9A19103F-16F7-4668-BE54-9A1E7A4F7556}") = "DwapiCentral.Contracts", "src\contracts\DwapiCentral.Contracts\DwapiCentral.Contracts.csproj", "{697001DB-72AD-44E3-B4A9-A4FEBC68212B}"
EndProject
Project("{2150E333-8FDC-42A3-9474-1A3956D46DE8}") = "contracts", "contracts", "{0C2CBB53-53CF-49E5-A7C2-4876CBD0D40E}"
EndProject
Project("{2150E333-8FDC-42A3-9474-1A3956D46DE8}") = "shared", "shared", "{B1BDF868-F5CD-4911-83BA-CBDC02B45382}"
EndProject
Project("{9A19103F-16F7-4668-BE54-9A1E7A4F7556}") = "DwapiCentral.Shared", "src\shared\DwapiCentral.Shared\DwapiCentral.Shared.csproj", "{8DC5F8B1-42E8-48A7-B7F3-DBCD2A2DABC6}"
EndProject
Project("{2150E333-8FDC-42A3-9474-1A3956D46DE8}") = "hts", "hts", "{1D0E4CA5-229E-4508-9C5A-B5FC7717FF43}"
EndProject
Project("{9A19103F-16F7-4668-BE54-9A1E7A4F7556}") = "DwapiCentral.Hts.Domain", "src\hts\DwapiCentral.Hts.Domain\DwapiCentral.Hts.Domain.csproj", "{55649801-0268-46E4-9165-F2C55E6EB17D}"
EndProject
Project("{9A19103F-16F7-4668-BE54-9A1E7A4F7556}") = "DwapiCentral.Hts.Application", "src\hts\DwapiCentral.Hts.Application\DwapiCentral.Hts.Application.csproj", "{145052EF-40BD-474A-A5C5-DA210949515F}"
EndProject
Project("{9A19103F-16F7-4668-BE54-9A1E7A4F7556}") = "DwapiCentral.Hts.Infrastructure", "src\hts\DwapiCentral.Hts.Infrastructure\DwapiCentral.Hts.Infrastructure.csproj", "{737764A7-54B1-4A39-A0D7-CF595AAE6848}"
EndProject
Project("{2150E333-8FDC-42A3-9474-1A3956D46DE8}") = "ct", "ct", "{88BC8A68-BA57-4389-87EB-F3A1FEDEB183}"
EndProject
Project("{9A19103F-16F7-4668-BE54-9A1E7A4F7556}") = "DwapiCentral.Ct.Application", "src\ct\DwapiCentral.Ct.Application\DwapiCentral.Ct.Application.csproj", "{59CC77CD-013D-4E7D-92AB-72DA6FED2A1F}"
EndProject
Project("{9A19103F-16F7-4668-BE54-9A1E7A4F7556}") = "DwapiCentral.Ct.Domain", "src\ct\DwapiCentral.Ct.Domain\DwapiCentral.Ct.Domain.csproj", "{32ED9320-62FC-4F89-8B94-E1C4D797EBCF}"
EndProject
Project("{9A19103F-16F7-4668-BE54-9A1E7A4F7556}") = "DwapiCentral.Ct.Infrastructure", "src\ct\DwapiCentral.Ct.Infrastructure\DwapiCentral.Ct.Infrastructure.csproj", "{9957CB03-B617-4516-8787-4C598DB40AB5}"
EndProject
Project("{9A19103F-16F7-4668-BE54-9A1E7A4F7556}") = "DwapiCentral.Ct", "src\ct\DwapiCentral.Ct\DwapiCentral.Ct.csproj", "{65F4632B-6085-4378-9B9C-84699F07D30B}"
EndProject
Project("{FAE04EC0-301F-11D3-BF4B-00C04F79EFBC}") = "DwapiCentral.Hts", "src\hts\DwapiCentral.Hts\DwapiCentral.Hts.csproj", "{5ABBDD15-9A79-4B6B-91CD-AC842F0973AD}"
EndProject
Project("{FAE04EC0-301F-11D3-BF4B-00C04F79EFBC}") = "DwapiCentral.Ct.Infrastructure.Tests", "src\ct\DwapiCentral.Ct.Infrastructure.Tests\DwapiCentral.Ct.Infrastructure.Tests.csproj", "{EF1E7A86-7583-4880-BB52-61943A6CFCF3}"
EndProject
Project("{FAE04EC0-301F-11D3-BF4B-00C04F79EFBC}") = "DwapiCentral.Ct.Application.Tests", "src\ct\DwapiCentral.Ct.Application.Tests\DwapiCentral.Ct.Application.Tests.csproj", "{9D63AA37-F85B-421A-A295-5DCC94018115}"
EndProject
Project("{FAE04EC0-301F-11D3-BF4B-00C04F79EFBC}") = "DwapiCentral.Ct.Domain.Tests", "src\ct\DwapiCentral.Ct.Domain.Tests\DwapiCentral.Ct.Domain.Tests.csproj", "{5AE4E5BB-7B0B-4AEC-A5E2-F927E236FDA2}"
EndProject
Global
	GlobalSection(SolutionConfigurationPlatforms) = preSolution
		Debug|Any CPU = Debug|Any CPU
		Release|Any CPU = Release|Any CPU
	EndGlobalSection
	GlobalSection(ProjectConfigurationPlatforms) = postSolution
		{697001DB-72AD-44E3-B4A9-A4FEBC68212B}.Debug|Any CPU.ActiveCfg = Debug|Any CPU
		{697001DB-72AD-44E3-B4A9-A4FEBC68212B}.Debug|Any CPU.Build.0 = Debug|Any CPU
		{697001DB-72AD-44E3-B4A9-A4FEBC68212B}.Release|Any CPU.ActiveCfg = Release|Any CPU
		{697001DB-72AD-44E3-B4A9-A4FEBC68212B}.Release|Any CPU.Build.0 = Release|Any CPU
		{8DC5F8B1-42E8-48A7-B7F3-DBCD2A2DABC6}.Debug|Any CPU.ActiveCfg = Debug|Any CPU
		{8DC5F8B1-42E8-48A7-B7F3-DBCD2A2DABC6}.Debug|Any CPU.Build.0 = Debug|Any CPU
		{8DC5F8B1-42E8-48A7-B7F3-DBCD2A2DABC6}.Release|Any CPU.ActiveCfg = Release|Any CPU
		{8DC5F8B1-42E8-48A7-B7F3-DBCD2A2DABC6}.Release|Any CPU.Build.0 = Release|Any CPU
		{55649801-0268-46E4-9165-F2C55E6EB17D}.Debug|Any CPU.ActiveCfg = Debug|Any CPU
		{55649801-0268-46E4-9165-F2C55E6EB17D}.Debug|Any CPU.Build.0 = Debug|Any CPU
		{55649801-0268-46E4-9165-F2C55E6EB17D}.Release|Any CPU.ActiveCfg = Release|Any CPU
		{55649801-0268-46E4-9165-F2C55E6EB17D}.Release|Any CPU.Build.0 = Release|Any CPU
		{145052EF-40BD-474A-A5C5-DA210949515F}.Debug|Any CPU.ActiveCfg = Debug|Any CPU
		{145052EF-40BD-474A-A5C5-DA210949515F}.Debug|Any CPU.Build.0 = Debug|Any CPU
		{145052EF-40BD-474A-A5C5-DA210949515F}.Release|Any CPU.ActiveCfg = Release|Any CPU
		{145052EF-40BD-474A-A5C5-DA210949515F}.Release|Any CPU.Build.0 = Release|Any CPU
		{737764A7-54B1-4A39-A0D7-CF595AAE6848}.Debug|Any CPU.ActiveCfg = Debug|Any CPU
		{737764A7-54B1-4A39-A0D7-CF595AAE6848}.Debug|Any CPU.Build.0 = Debug|Any CPU
		{737764A7-54B1-4A39-A0D7-CF595AAE6848}.Release|Any CPU.ActiveCfg = Release|Any CPU
		{737764A7-54B1-4A39-A0D7-CF595AAE6848}.Release|Any CPU.Build.0 = Release|Any CPU
		{59CC77CD-013D-4E7D-92AB-72DA6FED2A1F}.Debug|Any CPU.ActiveCfg = Debug|Any CPU
		{59CC77CD-013D-4E7D-92AB-72DA6FED2A1F}.Debug|Any CPU.Build.0 = Debug|Any CPU
		{59CC77CD-013D-4E7D-92AB-72DA6FED2A1F}.Release|Any CPU.ActiveCfg = Release|Any CPU
		{59CC77CD-013D-4E7D-92AB-72DA6FED2A1F}.Release|Any CPU.Build.0 = Release|Any CPU
		{32ED9320-62FC-4F89-8B94-E1C4D797EBCF}.Debug|Any CPU.ActiveCfg = Debug|Any CPU
		{32ED9320-62FC-4F89-8B94-E1C4D797EBCF}.Debug|Any CPU.Build.0 = Debug|Any CPU
		{32ED9320-62FC-4F89-8B94-E1C4D797EBCF}.Release|Any CPU.ActiveCfg = Release|Any CPU
		{32ED9320-62FC-4F89-8B94-E1C4D797EBCF}.Release|Any CPU.Build.0 = Release|Any CPU
		{9957CB03-B617-4516-8787-4C598DB40AB5}.Debug|Any CPU.ActiveCfg = Debug|Any CPU
		{9957CB03-B617-4516-8787-4C598DB40AB5}.Debug|Any CPU.Build.0 = Debug|Any CPU
		{9957CB03-B617-4516-8787-4C598DB40AB5}.Release|Any CPU.ActiveCfg = Release|Any CPU
		{9957CB03-B617-4516-8787-4C598DB40AB5}.Release|Any CPU.Build.0 = Release|Any CPU
		{65F4632B-6085-4378-9B9C-84699F07D30B}.Debug|Any CPU.ActiveCfg = Debug|Any CPU
		{65F4632B-6085-4378-9B9C-84699F07D30B}.Debug|Any CPU.Build.0 = Debug|Any CPU
		{65F4632B-6085-4378-9B9C-84699F07D30B}.Release|Any CPU.ActiveCfg = Release|Any CPU
		{65F4632B-6085-4378-9B9C-84699F07D30B}.Release|Any CPU.Build.0 = Release|Any CPU
		{5ABBDD15-9A79-4B6B-91CD-AC842F0973AD}.Debug|Any CPU.ActiveCfg = Debug|Any CPU
		{5ABBDD15-9A79-4B6B-91CD-AC842F0973AD}.Debug|Any CPU.Build.0 = Debug|Any CPU
		{5ABBDD15-9A79-4B6B-91CD-AC842F0973AD}.Release|Any CPU.ActiveCfg = Release|Any CPU
		{5ABBDD15-9A79-4B6B-91CD-AC842F0973AD}.Release|Any CPU.Build.0 = Release|Any CPU
		{EF1E7A86-7583-4880-BB52-61943A6CFCF3}.Debug|Any CPU.ActiveCfg = Debug|Any CPU
		{EF1E7A86-7583-4880-BB52-61943A6CFCF3}.Debug|Any CPU.Build.0 = Debug|Any CPU
		{EF1E7A86-7583-4880-BB52-61943A6CFCF3}.Release|Any CPU.ActiveCfg = Release|Any CPU
		{EF1E7A86-7583-4880-BB52-61943A6CFCF3}.Release|Any CPU.Build.0 = Release|Any CPU
		{9D63AA37-F85B-421A-A295-5DCC94018115}.Debug|Any CPU.ActiveCfg = Debug|Any CPU
		{9D63AA37-F85B-421A-A295-5DCC94018115}.Debug|Any CPU.Build.0 = Debug|Any CPU
		{9D63AA37-F85B-421A-A295-5DCC94018115}.Release|Any CPU.ActiveCfg = Release|Any CPU
		{9D63AA37-F85B-421A-A295-5DCC94018115}.Release|Any CPU.Build.0 = Release|Any CPU
		{5AE4E5BB-7B0B-4AEC-A5E2-F927E236FDA2}.Debug|Any CPU.ActiveCfg = Debug|Any CPU
		{5AE4E5BB-7B0B-4AEC-A5E2-F927E236FDA2}.Debug|Any CPU.Build.0 = Debug|Any CPU
		{5AE4E5BB-7B0B-4AEC-A5E2-F927E236FDA2}.Release|Any CPU.ActiveCfg = Release|Any CPU
		{5AE4E5BB-7B0B-4AEC-A5E2-F927E236FDA2}.Release|Any CPU.Build.0 = Release|Any CPU
	EndGlobalSection
	GlobalSection(SolutionProperties) = preSolution
		HideSolutionNode = FALSE
	EndGlobalSection
	GlobalSection(NestedProjects) = preSolution
		{697001DB-72AD-44E3-B4A9-A4FEBC68212B} = {0C2CBB53-53CF-49E5-A7C2-4876CBD0D40E}
		{8DC5F8B1-42E8-48A7-B7F3-DBCD2A2DABC6} = {B1BDF868-F5CD-4911-83BA-CBDC02B45382}
		{55649801-0268-46E4-9165-F2C55E6EB17D} = {1D0E4CA5-229E-4508-9C5A-B5FC7717FF43}
		{145052EF-40BD-474A-A5C5-DA210949515F} = {1D0E4CA5-229E-4508-9C5A-B5FC7717FF43}
		{737764A7-54B1-4A39-A0D7-CF595AAE6848} = {1D0E4CA5-229E-4508-9C5A-B5FC7717FF43}
		{59CC77CD-013D-4E7D-92AB-72DA6FED2A1F} = {88BC8A68-BA57-4389-87EB-F3A1FEDEB183}
		{32ED9320-62FC-4F89-8B94-E1C4D797EBCF} = {88BC8A68-BA57-4389-87EB-F3A1FEDEB183}
		{9957CB03-B617-4516-8787-4C598DB40AB5} = {88BC8A68-BA57-4389-87EB-F3A1FEDEB183}
		{65F4632B-6085-4378-9B9C-84699F07D30B} = {88BC8A68-BA57-4389-87EB-F3A1FEDEB183}
		{5ABBDD15-9A79-4B6B-91CD-AC842F0973AD} = {1D0E4CA5-229E-4508-9C5A-B5FC7717FF43}
		{EF1E7A86-7583-4880-BB52-61943A6CFCF3} = {88BC8A68-BA57-4389-87EB-F3A1FEDEB183}
		{9D63AA37-F85B-421A-A295-5DCC94018115} = {88BC8A68-BA57-4389-87EB-F3A1FEDEB183}
		{5AE4E5BB-7B0B-4AEC-A5E2-F927E236FDA2} = {88BC8A68-BA57-4389-87EB-F3A1FEDEB183}
	EndGlobalSection
	GlobalSection(ExtensibilityGlobals) = postSolution
		SolutionGuid = {E3EEEBCF-CEDB-48AF-9F77-E3D19B3168B8}
	EndGlobalSection
EndGlobal
