
Microsoft Visual Studio Solution File, Format Version 12.00
# Visual Studio Version 17
VisualStudioVersion = 17.4.33205.214
MinimumVisualStudioVersion = 10.0.40219.1
Project("{9A19103F-16F7-4668-BE54-9A1E7A4F7556}") = "DwapiCentral.Contracts", "src\contracts\DwapiCentral.Contracts\DwapiCentral.Contracts.csproj", "{697001DB-72AD-44E3-B4A9-A4FEBC68212B}"
EndProject
Project("{2150E333-8FDC-42A3-9474-1A3956D46DE8}") = "contracts", "contracts", "{0C2CBB53-53CF-49E5-A7C2-4876CBD0D40E}"
EndProject
Project("{2150E333-8FDC-42A3-9474-1A3956D46DE8}") = "shared", "shared", "{B1BDF868-F5CD-4911-83BA-CBDC02B45382}"
EndProject
Project("{9A19103F-16F7-4668-BE54-9A1E7A4F7556}") = "DwapiCentral.Shared", "src\shared\DwapiCentral.Shared\DwapiCentral.Shared.csproj", "{8DC5F8B1-42E8-48A7-B7F3-DBCD2A2DABC6}"
EndProject
Project("{2150E333-8FDC-42A3-9474-1A3956D46DE8}") = "infrastructure", "infrastructure", "{F892334A-8E5C-4227-850F-CEEF5C89E84E}"
EndProject
Project("{9A19103F-16F7-4668-BE54-9A1E7A4F7556}") = "Infrastracture", "Infrastracture\Infrastracture.csproj", "{8744A6BA-BE51-4033-A51F-3BC8CA7C44A7}"
EndProject
Project("{2150E333-8FDC-42A3-9474-1A3956D46DE8}") = "Api", "Api", "{90B2A323-00D2-4DF0-9046-3F5C242FFDA4}"
EndProject
Project("{2150E333-8FDC-42A3-9474-1A3956D46DE8}") = "CT", "CT", "{AEF6A6A9-C4FB-483B-9F52-000A73520F0E}"
EndProject
Project("{FAE04EC0-301F-11D3-BF4B-00C04F79EFBC}") = "DwapiCentral.CT", "DwapiCentral.CT\DwapiCentral.CT.csproj", "{0461015F-161F-4E81-8B58-C23C9011F78F}"
EndProject
Project("{2150E333-8FDC-42A3-9474-1A3956D46DE8}") = "hts", "hts", "{1D0E4CA5-229E-4508-9C5A-B5FC7717FF43}"
EndProject
Project("{FAE04EC0-301F-11D3-BF4B-00C04F79EFBC}") = "DwapiCentral.Hts.Domain", "src\hts\DwapiCentral.Hts.Domain\DwapiCentral.Hts.Domain.csproj", "{55649801-0268-46E4-9165-F2C55E6EB17D}"
EndProject
Project("{FAE04EC0-301F-11D3-BF4B-00C04F79EFBC}") = "DwapiCentral.Hts.Application", "src\hts\DwapiCentral.Hts.Application\DwapiCentral.Hts.Application.csproj", "{145052EF-40BD-474A-A5C5-DA210949515F}"
EndProject
Project("{FAE04EC0-301F-11D3-BF4B-00C04F79EFBC}") = "DwapiCentral.Hts.Infrastructure", "src\hts\DwapiCentral.Hts.Infrastructure\DwapiCentral.Hts.Infrastructure.csproj", "{737764A7-54B1-4A39-A0D7-CF595AAE6848}"
EndProject
Project("{FAE04EC0-301F-11D3-BF4B-00C04F79EFBC}") = "DwapiCentral.Hts", "DwapiCentral.Hts\DwapiCentral.Hts.csproj", "{4AECF707-A1AA-455F-ACF3-32A17A2806A4}"
EndProject
Global
	GlobalSection(SolutionConfigurationPlatforms) = preSolution
		Debug|Any CPU = Debug|Any CPU
		Release|Any CPU = Release|Any CPU
	EndGlobalSection
	GlobalSection(ProjectConfigurationPlatforms) = postSolution
		{697001DB-72AD-44E3-B4A9-A4FEBC68212B}.Debug|Any CPU.ActiveCfg = Debug|Any CPU
		{697001DB-72AD-44E3-B4A9-A4FEBC68212B}.Debug|Any CPU.Build.0 = Debug|Any CPU
		{697001DB-72AD-44E3-B4A9-A4FEBC68212B}.Release|Any CPU.ActiveCfg = Release|Any CPU
		{697001DB-72AD-44E3-B4A9-A4FEBC68212B}.Release|Any CPU.Build.0 = Release|Any CPU
		{8DC5F8B1-42E8-48A7-B7F3-DBCD2A2DABC6}.Debug|Any CPU.ActiveCfg = Debug|Any CPU
		{8DC5F8B1-42E8-48A7-B7F3-DBCD2A2DABC6}.Debug|Any CPU.Build.0 = Debug|Any CPU
		{8DC5F8B1-42E8-48A7-B7F3-DBCD2A2DABC6}.Release|Any CPU.ActiveCfg = Release|Any CPU
		{8DC5F8B1-42E8-48A7-B7F3-DBCD2A2DABC6}.Release|Any CPU.Build.0 = Release|Any CPU
		{8744A6BA-BE51-4033-A51F-3BC8CA7C44A7}.Debug|Any CPU.ActiveCfg = Debug|Any CPU
		{8744A6BA-BE51-4033-A51F-3BC8CA7C44A7}.Debug|Any CPU.Build.0 = Debug|Any CPU
		{8744A6BA-BE51-4033-A51F-3BC8CA7C44A7}.Release|Any CPU.ActiveCfg = Release|Any CPU
		{8744A6BA-BE51-4033-A51F-3BC8CA7C44A7}.Release|Any CPU.Build.0 = Release|Any CPU
		{0461015F-161F-4E81-8B58-C23C9011F78F}.Debug|Any CPU.ActiveCfg = Debug|Any CPU
		{0461015F-161F-4E81-8B58-C23C9011F78F}.Debug|Any CPU.Build.0 = Debug|Any CPU
		{0461015F-161F-4E81-8B58-C23C9011F78F}.Release|Any CPU.ActiveCfg = Release|Any CPU
		{0461015F-161F-4E81-8B58-C23C9011F78F}.Release|Any CPU.Build.0 = Release|Any CPU
	EndGlobalSection
	GlobalSection(SolutionProperties) = preSolution
		HideSolutionNode = FALSE
	EndGlobalSection
	GlobalSection(NestedProjects) = preSolution
		{697001DB-72AD-44E3-B4A9-A4FEBC68212B} = {0C2CBB53-53CF-49E5-A7C2-4876CBD0D40E}
		{8DC5F8B1-42E8-48A7-B7F3-DBCD2A2DABC6} = {B1BDF868-F5CD-4911-83BA-CBDC02B45382}
		{8744A6BA-BE51-4033-A51F-3BC8CA7C44A7} = {F892334A-8E5C-4227-850F-CEEF5C89E84E}
		{0461015F-161F-4E81-8B58-C23C9011F78F} = {AEF6A6A9-C4FB-483B-9F52-000A73520F0E}
	EndGlobalSection
	GlobalSection(ExtensibilityGlobals) = postSolution
		SolutionGuid = {E3EEEBCF-CEDB-48AF-9F77-E3D19B3168B8}
	EndGlobalSection
EndGlobal
